
Microsoft Visual Studio Solution File, Format Version 12.00
# Visual Studio Version 16
VisualStudioVersion = 16.0.30907.101
MinimumVisualStudioVersion = 10.0.40219.1
Project("{9A19103F-16F7-4668-BE54-9A1E7A4F7556}") = "01_Select", "01_ADO.NET\01_Select.csproj", "{4E22CB87-7748-4998-8AD1-121570D2E30F}"
EndProject
Project("{9A19103F-16F7-4668-BE54-9A1E7A4F7556}") = "00_Configuration", "00_Configuration\00_Configuration.csproj", "{A8A0693A-A9E5-4B7F-B927-631857DC5418}"
EndProject
Project("{9A19103F-16F7-4668-BE54-9A1E7A4F7556}") = "02_Insert", "02_Insert\02_Insert.csproj", "{F0281748-AC42-4272-803C-183B18CE68C9}"
EndProject
Project("{9A19103F-16F7-4668-BE54-9A1E7A4F7556}") = "03_Applicatie_oefening", "03_Applicatie_oefening\03_Applicatie_oefening.csproj", "{A34D6CE7-55A8-4834-BE34-805A56537FD0}"
EndProject
Project("{FAE04EC0-301F-11D3-BF4B-00C04F79EFBC}") = "04_EFCore_Basis", "04_EFCore_Basis\04_EFCore_Basis.csproj", "{BB1E43BC-A2E7-4D93-A79F-3C5B2F347EEF}"
EndProject
Project("{FAE04EC0-301F-11D3-BF4B-00C04F79EFBC}") = "05_EFCore_Boekendatabase", "05_EFCore_Boekendatabase\05_EFCore_Boekendatabase.csproj", "{3D0D8602-8CC2-4FF4-976E-A04EFA2E1385}"
EndProject
Project("{FAE04EC0-301F-11D3-BF4B-00C04F79EFBC}") = "06_EFCore_Boekendatabase_Oefening", "06_EFCore_Boekendatabase_Oefening\06_EFCore_Boekendatabase_Oefening.csproj", "{C10C810A-86A3-466F-A638-E184146BA81F}"
EndProject
Global
	GlobalSection(SolutionConfigurationPlatforms) = preSolution
		Debug|Any CPU = Debug|Any CPU
		Release|Any CPU = Release|Any CPU
	EndGlobalSection
	GlobalSection(ProjectConfigurationPlatforms) = postSolution
		{4E22CB87-7748-4998-8AD1-121570D2E30F}.Debug|Any CPU.ActiveCfg = Debug|Any CPU
		{4E22CB87-7748-4998-8AD1-121570D2E30F}.Debug|Any CPU.Build.0 = Debug|Any CPU
		{4E22CB87-7748-4998-8AD1-121570D2E30F}.Release|Any CPU.ActiveCfg = Release|Any CPU
		{4E22CB87-7748-4998-8AD1-121570D2E30F}.Release|Any CPU.Build.0 = Release|Any CPU
		{A8A0693A-A9E5-4B7F-B927-631857DC5418}.Debug|Any CPU.ActiveCfg = Debug|Any CPU
		{A8A0693A-A9E5-4B7F-B927-631857DC5418}.Debug|Any CPU.Build.0 = Debug|Any CPU
		{A8A0693A-A9E5-4B7F-B927-631857DC5418}.Release|Any CPU.ActiveCfg = Release|Any CPU
		{A8A0693A-A9E5-4B7F-B927-631857DC5418}.Release|Any CPU.Build.0 = Release|Any CPU
		{F0281748-AC42-4272-803C-183B18CE68C9}.Debug|Any CPU.ActiveCfg = Debug|Any CPU
		{F0281748-AC42-4272-803C-183B18CE68C9}.Debug|Any CPU.Build.0 = Debug|Any CPU
		{F0281748-AC42-4272-803C-183B18CE68C9}.Release|Any CPU.ActiveCfg = Release|Any CPU
		{F0281748-AC42-4272-803C-183B18CE68C9}.Release|Any CPU.Build.0 = Release|Any CPU
		{A34D6CE7-55A8-4834-BE34-805A56537FD0}.Debug|Any CPU.ActiveCfg = Debug|Any CPU
		{A34D6CE7-55A8-4834-BE34-805A56537FD0}.Debug|Any CPU.Build.0 = Debug|Any CPU
		{A34D6CE7-55A8-4834-BE34-805A56537FD0}.Release|Any CPU.ActiveCfg = Release|Any CPU
		{A34D6CE7-55A8-4834-BE34-805A56537FD0}.Release|Any CPU.Build.0 = Release|Any CPU
		{BB1E43BC-A2E7-4D93-A79F-3C5B2F347EEF}.Debug|Any CPU.ActiveCfg = Debug|Any CPU
		{BB1E43BC-A2E7-4D93-A79F-3C5B2F347EEF}.Debug|Any CPU.Build.0 = Debug|Any CPU
		{BB1E43BC-A2E7-4D93-A79F-3C5B2F347EEF}.Release|Any CPU.ActiveCfg = Release|Any CPU
		{BB1E43BC-A2E7-4D93-A79F-3C5B2F347EEF}.Release|Any CPU.Build.0 = Release|Any CPU
		{3D0D8602-8CC2-4FF4-976E-A04EFA2E1385}.Debug|Any CPU.ActiveCfg = Debug|Any CPU
		{3D0D8602-8CC2-4FF4-976E-A04EFA2E1385}.Debug|Any CPU.Build.0 = Debug|Any CPU
		{3D0D8602-8CC2-4FF4-976E-A04EFA2E1385}.Release|Any CPU.ActiveCfg = Release|Any CPU
		{3D0D8602-8CC2-4FF4-976E-A04EFA2E1385}.Release|Any CPU.Build.0 = Release|Any CPU
		{C10C810A-86A3-466F-A638-E184146BA81F}.Debug|Any CPU.ActiveCfg = Debug|Any CPU
		{C10C810A-86A3-466F-A638-E184146BA81F}.Debug|Any CPU.Build.0 = Debug|Any CPU
		{C10C810A-86A3-466F-A638-E184146BA81F}.Release|Any CPU.ActiveCfg = Release|Any CPU
		{C10C810A-86A3-466F-A638-E184146BA81F}.Release|Any CPU.Build.0 = Release|Any CPU
	EndGlobalSection
	GlobalSection(SolutionProperties) = preSolution
		HideSolutionNode = FALSE
	EndGlobalSection
	GlobalSection(ExtensibilityGlobals) = postSolution
		SolutionGuid = {030C8553-79F0-41BB-9E0C-056E334B1B19}
	EndGlobalSection
EndGlobal
